
Microsoft Visual Studio Solution File, Format Version 12.00
# Visual Studio 15
VisualStudioVersion = 15.0.26730.10
MinimumVisualStudioVersion = 10.0.40219.1


Project("{9A19103F-16F7-4668-BE54-9A1E7A4F7556}") = "MyPaymentsCrossPlatform", "MyPaymentsCrossPlatform\MyPaymentsCrossPlatform\MyPaymentsCrossPlatform.csproj", "{31979142-2A9F-4511-8BC0-7C0317C5F9AF}"
EndProject

Project("{FAE04EC0-301F-11D3-BF4B-00C04F79EFBC}") = "MyPaymentsCrossPlatform.iOS", "MyPaymentsCrossPlatform\MyPaymentsCrossPlatform.iOS\MyPaymentsCrossPlatform.iOS.csproj", "{A0CD8FD4-D333-42F8-8FD9-852E029EE419}"
EndProject


Project("{FAE04EC0-301F-11D3-BF4B-00C04F79EFBC}") = "MyPaymentsCrossPlatform.Android", "MyPaymentsCrossPlatform\MyPaymentsCrossPlatform.Android\MyPaymentsCrossPlatform.Android.csproj", "{080D4441-BEDC-467B-A4B9-59657F33AF1D}"
EndProject


Global
	GlobalSection(SolutionConfigurationPlatforms) = preSolution
		Ad-Hoc|Any CPU = Ad-Hoc|Any CPU
		Ad-Hoc|ARM = Ad-Hoc|ARM
		Ad-Hoc|iPhone = Ad-Hoc|iPhone
		Ad-Hoc|iPhoneSimulator = Ad-Hoc|iPhoneSimulator
		Ad-Hoc|x64 = Ad-Hoc|x64
		Ad-Hoc|x86 = Ad-Hoc|x86
		AppStore|Any CPU = AppStore|Any CPU
		AppStore|ARM = AppStore|ARM
		AppStore|iPhone = AppStore|iPhone
		AppStore|iPhoneSimulator = AppStore|iPhoneSimulator
		AppStore|x64 = AppStore|x64
		AppStore|x86 = AppStore|x86
		Debug|Any CPU = Debug|Any CPU
		Debug|ARM = Debug|ARM
		Debug|iPhone = Debug|iPhone
		Debug|iPhoneSimulator = Debug|iPhoneSimulator
		Debug|x64 = Debug|x64
		Debug|x86 = Debug|x86
		Release|Any CPU = Release|Any CPU
		Release|ARM = Release|ARM
		Release|iPhone = Release|iPhone
		Release|iPhoneSimulator = Release|iPhoneSimulator
		Release|x64 = Release|x64
		Release|x86 = Release|x86
	EndGlobalSection
	GlobalSection(ProjectConfigurationPlatforms) = postSolution
		{31979142-2A9F-4511-8BC0-7C0317C5F9AF}.Ad-Hoc|Any CPU.ActiveCfg = Debug|Any CPU
		{31979142-2A9F-4511-8BC0-7C0317C5F9AF}.Ad-Hoc|Any CPU.Build.0 = Debug|Any CPU
		{31979142-2A9F-4511-8BC0-7C0317C5F9AF}.Ad-Hoc|ARM.ActiveCfg = Debug|Any CPU
		{31979142-2A9F-4511-8BC0-7C0317C5F9AF}.Ad-Hoc|ARM.Build.0 = Debug|Any CPU
		{31979142-2A9F-4511-8BC0-7C0317C5F9AF}.Ad-Hoc|iPhone.ActiveCfg = Debug|Any CPU
		{31979142-2A9F-4511-8BC0-7C0317C5F9AF}.Ad-Hoc|iPhone.Build.0 = Debug|Any CPU
		{31979142-2A9F-4511-8BC0-7C0317C5F9AF}.Ad-Hoc|iPhoneSimulator.ActiveCfg = Debug|Any CPU
		{31979142-2A9F-4511-8BC0-7C0317C5F9AF}.Ad-Hoc|iPhoneSimulator.Build.0 = Debug|Any CPU
		{31979142-2A9F-4511-8BC0-7C0317C5F9AF}.Ad-Hoc|x64.ActiveCfg = Debug|Any CPU
		{31979142-2A9F-4511-8BC0-7C0317C5F9AF}.Ad-Hoc|x64.Build.0 = Debug|Any CPU
		{31979142-2A9F-4511-8BC0-7C0317C5F9AF}.Ad-Hoc|x86.ActiveCfg = Debug|Any CPU
		{31979142-2A9F-4511-8BC0-7C0317C5F9AF}.Ad-Hoc|x86.Build.0 = Debug|Any CPU
		{31979142-2A9F-4511-8BC0-7C0317C5F9AF}.AppStore|Any CPU.ActiveCfg = Debug|Any CPU
		{31979142-2A9F-4511-8BC0-7C0317C5F9AF}.AppStore|Any CPU.Build.0 = Debug|Any CPU
		{31979142-2A9F-4511-8BC0-7C0317C5F9AF}.AppStore|ARM.ActiveCfg = Debug|Any CPU
		{31979142-2A9F-4511-8BC0-7C0317C5F9AF}.AppStore|ARM.Build.0 = Debug|Any CPU
		{31979142-2A9F-4511-8BC0-7C0317C5F9AF}.AppStore|iPhone.ActiveCfg = Debug|Any CPU
		{31979142-2A9F-4511-8BC0-7C0317C5F9AF}.AppStore|iPhone.Build.0 = Debug|Any CPU
		{31979142-2A9F-4511-8BC0-7C0317C5F9AF}.AppStore|iPhoneSimulator.ActiveCfg = Debug|Any CPU
		{31979142-2A9F-4511-8BC0-7C0317C5F9AF}.AppStore|iPhoneSimulator.Build.0 = Debug|Any CPU
		{31979142-2A9F-4511-8BC0-7C0317C5F9AF}.AppStore|x64.ActiveCfg = Debug|Any CPU
		{31979142-2A9F-4511-8BC0-7C0317C5F9AF}.AppStore|x64.Build.0 = Debug|Any CPU
		{31979142-2A9F-4511-8BC0-7C0317C5F9AF}.AppStore|x86.ActiveCfg = Debug|Any CPU
		{31979142-2A9F-4511-8BC0-7C0317C5F9AF}.AppStore|x86.Build.0 = Debug|Any CPU
		{31979142-2A9F-4511-8BC0-7C0317C5F9AF}.Debug|Any CPU.ActiveCfg = Debug|Any CPU
		{31979142-2A9F-4511-8BC0-7C0317C5F9AF}.Debug|Any CPU.Build.0 = Debug|Any CPU
		{31979142-2A9F-4511-8BC0-7C0317C5F9AF}.Debug|ARM.ActiveCfg = Debug|Any CPU
		{31979142-2A9F-4511-8BC0-7C0317C5F9AF}.Debug|ARM.Build.0 = Debug|Any CPU
		{31979142-2A9F-4511-8BC0-7C0317C5F9AF}.Debug|iPhone.ActiveCfg = Debug|Any CPU
		{31979142-2A9F-4511-8BC0-7C0317C5F9AF}.Debug|iPhone.Build.0 = Debug|Any CPU
		{31979142-2A9F-4511-8BC0-7C0317C5F9AF}.Debug|iPhoneSimulator.ActiveCfg = Debug|Any CPU
		{31979142-2A9F-4511-8BC0-7C0317C5F9AF}.Debug|iPhoneSimulator.Build.0 = Debug|Any CPU
		{31979142-2A9F-4511-8BC0-7C0317C5F9AF}.Debug|x64.ActiveCfg = Debug|Any CPU
		{31979142-2A9F-4511-8BC0-7C0317C5F9AF}.Debug|x64.Build.0 = Debug|Any CPU
		{31979142-2A9F-4511-8BC0-7C0317C5F9AF}.Debug|x86.ActiveCfg = Debug|Any CPU
		{31979142-2A9F-4511-8BC0-7C0317C5F9AF}.Debug|x86.Build.0 = Debug|Any CPU
		{31979142-2A9F-4511-8BC0-7C0317C5F9AF}.Release|Any CPU.ActiveCfg = Release|Any CPU
		{31979142-2A9F-4511-8BC0-7C0317C5F9AF}.Release|Any CPU.Build.0 = Release|Any CPU
		{31979142-2A9F-4511-8BC0-7C0317C5F9AF}.Release|ARM.ActiveCfg = Release|Any CPU
		{31979142-2A9F-4511-8BC0-7C0317C5F9AF}.Release|ARM.Build.0 = Release|Any CPU
		{31979142-2A9F-4511-8BC0-7C0317C5F9AF}.Release|iPhone.ActiveCfg = Release|Any CPU
		{31979142-2A9F-4511-8BC0-7C0317C5F9AF}.Release|iPhone.Build.0 = Release|Any CPU
		{31979142-2A9F-4511-8BC0-7C0317C5F9AF}.Release|iPhoneSimulator.ActiveCfg = Release|Any CPU
		{31979142-2A9F-4511-8BC0-7C0317C5F9AF}.Release|iPhoneSimulator.Build.0 = Release|Any CPU
		{31979142-2A9F-4511-8BC0-7C0317C5F9AF}.Release|x64.ActiveCfg = Release|Any CPU
		{31979142-2A9F-4511-8BC0-7C0317C5F9AF}.Release|x64.Build.0 = Release|Any CPU
		{31979142-2A9F-4511-8BC0-7C0317C5F9AF}.Release|x86.ActiveCfg = Release|Any CPU
		{31979142-2A9F-4511-8BC0-7C0317C5F9AF}.Release|x86.Build.0 = Release|Any CPU
		{A0CD8FD4-D333-42F8-8FD9-852E029EE419}.Ad-Hoc|Any CPU.ActiveCfg = Ad-Hoc|iPhone
		{A0CD8FD4-D333-42F8-8FD9-852E029EE419}.Ad-Hoc|ARM.ActiveCfg = Ad-Hoc|iPhone
		{A0CD8FD4-D333-42F8-8FD9-852E029EE419}.Ad-Hoc|iPhone.ActiveCfg = Ad-Hoc|iPhone
		{A0CD8FD4-D333-42F8-8FD9-852E029EE419}.Ad-Hoc|iPhone.Build.0 = Ad-Hoc|iPhone
		{A0CD8FD4-D333-42F8-8FD9-852E029EE419}.Ad-Hoc|iPhoneSimulator.ActiveCfg = Ad-Hoc|iPhoneSimulator
		{A0CD8FD4-D333-42F8-8FD9-852E029EE419}.Ad-Hoc|iPhoneSimulator.Build.0 = Ad-Hoc|iPhoneSimulator
		{A0CD8FD4-D333-42F8-8FD9-852E029EE419}.Ad-Hoc|x64.ActiveCfg = Ad-Hoc|iPhone
		{A0CD8FD4-D333-42F8-8FD9-852E029EE419}.Ad-Hoc|x86.ActiveCfg = Ad-Hoc|iPhone
		{A0CD8FD4-D333-42F8-8FD9-852E029EE419}.AppStore|Any CPU.ActiveCfg = AppStore|iPhone
		{A0CD8FD4-D333-42F8-8FD9-852E029EE419}.AppStore|ARM.ActiveCfg = AppStore|iPhone
		{A0CD8FD4-D333-42F8-8FD9-852E029EE419}.AppStore|iPhone.ActiveCfg = AppStore|iPhone
		{A0CD8FD4-D333-42F8-8FD9-852E029EE419}.AppStore|iPhone.Build.0 = AppStore|iPhone
		{A0CD8FD4-D333-42F8-8FD9-852E029EE419}.AppStore|iPhoneSimulator.ActiveCfg = AppStore|iPhoneSimulator
		{A0CD8FD4-D333-42F8-8FD9-852E029EE419}.AppStore|iPhoneSimulator.Build.0 = AppStore|iPhoneSimulator
		{A0CD8FD4-D333-42F8-8FD9-852E029EE419}.AppStore|x64.ActiveCfg = AppStore|iPhone
		{A0CD8FD4-D333-42F8-8FD9-852E029EE419}.AppStore|x86.ActiveCfg = AppStore|iPhone
		{A0CD8FD4-D333-42F8-8FD9-852E029EE419}.Debug|Any CPU.ActiveCfg = Debug|iPhone
		{A0CD8FD4-D333-42F8-8FD9-852E029EE419}.Debug|ARM.ActiveCfg = Debug|iPhone
		{A0CD8FD4-D333-42F8-8FD9-852E029EE419}.Debug|iPhone.ActiveCfg = Debug|iPhone
		{A0CD8FD4-D333-42F8-8FD9-852E029EE419}.Debug|iPhone.Build.0 = Debug|iPhone
		{A0CD8FD4-D333-42F8-8FD9-852E029EE419}.Debug|iPhoneSimulator.ActiveCfg = Debug|iPhoneSimulator
		{A0CD8FD4-D333-42F8-8FD9-852E029EE419}.Debug|iPhoneSimulator.Build.0 = Debug|iPhoneSimulator
		{A0CD8FD4-D333-42F8-8FD9-852E029EE419}.Debug|x64.ActiveCfg = Debug|iPhone
		{A0CD8FD4-D333-42F8-8FD9-852E029EE419}.Debug|x86.ActiveCfg = Debug|iPhone
		{A0CD8FD4-D333-42F8-8FD9-852E029EE419}.Release|Any CPU.ActiveCfg = Release|iPhone
		{A0CD8FD4-D333-42F8-8FD9-852E029EE419}.Release|ARM.ActiveCfg = Release|iPhone
		{A0CD8FD4-D333-42F8-8FD9-852E029EE419}.Release|iPhone.ActiveCfg = Release|iPhone
		{A0CD8FD4-D333-42F8-8FD9-852E029EE419}.Release|iPhone.Build.0 = Release|iPhone
		{A0CD8FD4-D333-42F8-8FD9-852E029EE419}.Release|iPhoneSimulator.ActiveCfg = Release|iPhoneSimulator
		{A0CD8FD4-D333-42F8-8FD9-852E029EE419}.Release|iPhoneSimulator.Build.0 = Release|iPhoneSimulator
		{A0CD8FD4-D333-42F8-8FD9-852E029EE419}.Release|x64.ActiveCfg = Release|iPhone
		{A0CD8FD4-D333-42F8-8FD9-852E029EE419}.Release|x86.ActiveCfg = Release|iPhone
		{B527308D-4CF7-416D-8423-8FC1D913397B}.Ad-Hoc|Any CPU.ActiveCfg = Release|x86
		{B527308D-4CF7-416D-8423-8FC1D913397B}.Ad-Hoc|Any CPU.Build.0 = Release|x86
		{B527308D-4CF7-416D-8423-8FC1D913397B}.Ad-Hoc|Any CPU.Deploy.0 = Release|x86
		{B527308D-4CF7-416D-8423-8FC1D913397B}.Ad-Hoc|ARM.ActiveCfg = Release|ARM
		{B527308D-4CF7-416D-8423-8FC1D913397B}.Ad-Hoc|ARM.Build.0 = Release|ARM
		{B527308D-4CF7-416D-8423-8FC1D913397B}.Ad-Hoc|ARM.Deploy.0 = Release|ARM
		{B527308D-4CF7-416D-8423-8FC1D913397B}.Ad-Hoc|iPhone.ActiveCfg = Release|x86
		{B527308D-4CF7-416D-8423-8FC1D913397B}.Ad-Hoc|iPhone.Build.0 = Release|x86
		{B527308D-4CF7-416D-8423-8FC1D913397B}.Ad-Hoc|iPhone.Deploy.0 = Release|x86
		{B527308D-4CF7-416D-8423-8FC1D913397B}.Ad-Hoc|iPhoneSimulator.ActiveCfg = Release|x86
		{B527308D-4CF7-416D-8423-8FC1D913397B}.Ad-Hoc|iPhoneSimulator.Build.0 = Release|x86
		{B527308D-4CF7-416D-8423-8FC1D913397B}.Ad-Hoc|iPhoneSimulator.Deploy.0 = Release|x86
		{B527308D-4CF7-416D-8423-8FC1D913397B}.Ad-Hoc|x64.ActiveCfg = Release|x64
		{B527308D-4CF7-416D-8423-8FC1D913397B}.Ad-Hoc|x64.Build.0 = Release|x64
		{B527308D-4CF7-416D-8423-8FC1D913397B}.Ad-Hoc|x64.Deploy.0 = Release|x64
		{B527308D-4CF7-416D-8423-8FC1D913397B}.Ad-Hoc|x86.ActiveCfg = Release|x86
		{B527308D-4CF7-416D-8423-8FC1D913397B}.Ad-Hoc|x86.Build.0 = Release|x86
		{B527308D-4CF7-416D-8423-8FC1D913397B}.Ad-Hoc|x86.Deploy.0 = Release|x86
		{B527308D-4CF7-416D-8423-8FC1D913397B}.AppStore|Any CPU.ActiveCfg = Release|x86
		{B527308D-4CF7-416D-8423-8FC1D913397B}.AppStore|Any CPU.Build.0 = Release|x86
		{B527308D-4CF7-416D-8423-8FC1D913397B}.AppStore|Any CPU.Deploy.0 = Release|x86
		{B527308D-4CF7-416D-8423-8FC1D913397B}.AppStore|ARM.ActiveCfg = Release|ARM
		{B527308D-4CF7-416D-8423-8FC1D913397B}.AppStore|ARM.Build.0 = Release|ARM
		{B527308D-4CF7-416D-8423-8FC1D913397B}.AppStore|ARM.Deploy.0 = Release|ARM
		{B527308D-4CF7-416D-8423-8FC1D913397B}.AppStore|iPhone.ActiveCfg = Release|x86
		{B527308D-4CF7-416D-8423-8FC1D913397B}.AppStore|iPhone.Build.0 = Release|x86
		{B527308D-4CF7-416D-8423-8FC1D913397B}.AppStore|iPhone.Deploy.0 = Release|x86
		{B527308D-4CF7-416D-8423-8FC1D913397B}.AppStore|iPhoneSimulator.ActiveCfg = Release|x86
		{B527308D-4CF7-416D-8423-8FC1D913397B}.AppStore|iPhoneSimulator.Build.0 = Release|x86
		{B527308D-4CF7-416D-8423-8FC1D913397B}.AppStore|iPhoneSimulator.Deploy.0 = Release|x86
		{B527308D-4CF7-416D-8423-8FC1D913397B}.AppStore|x64.ActiveCfg = Release|x64
		{B527308D-4CF7-416D-8423-8FC1D913397B}.AppStore|x64.Build.0 = Release|x64
		{B527308D-4CF7-416D-8423-8FC1D913397B}.AppStore|x64.Deploy.0 = Release|x64
		{B527308D-4CF7-416D-8423-8FC1D913397B}.AppStore|x86.ActiveCfg = Release|x86
		{B527308D-4CF7-416D-8423-8FC1D913397B}.AppStore|x86.Build.0 = Release|x86
		{B527308D-4CF7-416D-8423-8FC1D913397B}.AppStore|x86.Deploy.0 = Release|x86
		{B527308D-4CF7-416D-8423-8FC1D913397B}.Debug|Any CPU.ActiveCfg = Debug|x86
		{B527308D-4CF7-416D-8423-8FC1D913397B}.Debug|ARM.ActiveCfg = Debug|ARM
		{B527308D-4CF7-416D-8423-8FC1D913397B}.Debug|ARM.Build.0 = Debug|ARM
		{B527308D-4CF7-416D-8423-8FC1D913397B}.Debug|ARM.Deploy.0 = Debug|ARM
		{B527308D-4CF7-416D-8423-8FC1D913397B}.Debug|iPhone.ActiveCfg = Debug|x86
		{B527308D-4CF7-416D-8423-8FC1D913397B}.Debug|iPhoneSimulator.ActiveCfg = Debug|x86
		{B527308D-4CF7-416D-8423-8FC1D913397B}.Debug|x64.ActiveCfg = Debug|x64
		{B527308D-4CF7-416D-8423-8FC1D913397B}.Debug|x64.Build.0 = Debug|x64
		{B527308D-4CF7-416D-8423-8FC1D913397B}.Debug|x64.Deploy.0 = Debug|x64
		{B527308D-4CF7-416D-8423-8FC1D913397B}.Debug|x86.ActiveCfg = Debug|x86
		{B527308D-4CF7-416D-8423-8FC1D913397B}.Debug|x86.Build.0 = Debug|x86
		{B527308D-4CF7-416D-8423-8FC1D913397B}.Debug|x86.Deploy.0 = Debug|x86
		{B527308D-4CF7-416D-8423-8FC1D913397B}.Release|Any CPU.ActiveCfg = Release|x86
		{B527308D-4CF7-416D-8423-8FC1D913397B}.Release|ARM.ActiveCfg = Release|ARM
		{B527308D-4CF7-416D-8423-8FC1D913397B}.Release|ARM.Build.0 = Release|ARM
		{B527308D-4CF7-416D-8423-8FC1D913397B}.Release|ARM.Deploy.0 = Release|ARM
		{B527308D-4CF7-416D-8423-8FC1D913397B}.Release|iPhone.ActiveCfg = Release|x86
		{B527308D-4CF7-416D-8423-8FC1D913397B}.Release|iPhoneSimulator.ActiveCfg = Release|x86
		{B527308D-4CF7-416D-8423-8FC1D913397B}.Release|x64.ActiveCfg = Release|x64
		{B527308D-4CF7-416D-8423-8FC1D913397B}.Release|x64.Build.0 = Release|x64
		{B527308D-4CF7-416D-8423-8FC1D913397B}.Release|x64.Deploy.0 = Release|x64
		{B527308D-4CF7-416D-8423-8FC1D913397B}.Release|x86.ActiveCfg = Release|x86
		{B527308D-4CF7-416D-8423-8FC1D913397B}.Release|x86.Build.0 = Release|x86
		{B527308D-4CF7-416D-8423-8FC1D913397B}.Release|x86.Deploy.0 = Release|x86
		{20FDA6ED-B68E-4610-807B-F358668F181E}.Ad-Hoc|Any CPU.ActiveCfg = Release|Any CPU
		{20FDA6ED-B68E-4610-807B-F358668F181E}.Ad-Hoc|Any CPU.Build.0 = Release|Any CPU
		{20FDA6ED-B68E-4610-807B-F358668F181E}.Ad-Hoc|Any CPU.Deploy.0 = Release|Any CPU
		{20FDA6ED-B68E-4610-807B-F358668F181E}.Ad-Hoc|ARM.ActiveCfg = Release|Any CPU
		{20FDA6ED-B68E-4610-807B-F358668F181E}.Ad-Hoc|ARM.Build.0 = Release|Any CPU
		{20FDA6ED-B68E-4610-807B-F358668F181E}.Ad-Hoc|ARM.Deploy.0 = Release|Any CPU
		{20FDA6ED-B68E-4610-807B-F358668F181E}.Ad-Hoc|iPhone.ActiveCfg = Release|Any CPU
		{20FDA6ED-B68E-4610-807B-F358668F181E}.Ad-Hoc|iPhone.Build.0 = Release|Any CPU
		{20FDA6ED-B68E-4610-807B-F358668F181E}.Ad-Hoc|iPhone.Deploy.0 = Release|Any CPU
		{20FDA6ED-B68E-4610-807B-F358668F181E}.Ad-Hoc|iPhoneSimulator.ActiveCfg = Release|Any CPU
		{20FDA6ED-B68E-4610-807B-F358668F181E}.Ad-Hoc|iPhoneSimulator.Build.0 = Release|Any CPU
		{20FDA6ED-B68E-4610-807B-F358668F181E}.Ad-Hoc|iPhoneSimulator.Deploy.0 = Release|Any CPU
		{20FDA6ED-B68E-4610-807B-F358668F181E}.Ad-Hoc|x64.ActiveCfg = Release|Any CPU
		{20FDA6ED-B68E-4610-807B-F358668F181E}.Ad-Hoc|x64.Build.0 = Release|Any CPU
		{20FDA6ED-B68E-4610-807B-F358668F181E}.Ad-Hoc|x64.Deploy.0 = Release|Any CPU
		{20FDA6ED-B68E-4610-807B-F358668F181E}.Ad-Hoc|x86.ActiveCfg = Release|Any CPU
		{20FDA6ED-B68E-4610-807B-F358668F181E}.Ad-Hoc|x86.Build.0 = Release|Any CPU
		{20FDA6ED-B68E-4610-807B-F358668F181E}.Ad-Hoc|x86.Deploy.0 = Release|Any CPU
		{20FDA6ED-B68E-4610-807B-F358668F181E}.AppStore|Any CPU.ActiveCfg = Release|Any CPU
		{20FDA6ED-B68E-4610-807B-F358668F181E}.AppStore|Any CPU.Build.0 = Release|Any CPU
		{20FDA6ED-B68E-4610-807B-F358668F181E}.AppStore|Any CPU.Deploy.0 = Release|Any CPU
		{20FDA6ED-B68E-4610-807B-F358668F181E}.AppStore|ARM.ActiveCfg = Release|Any CPU
		{20FDA6ED-B68E-4610-807B-F358668F181E}.AppStore|ARM.Build.0 = Release|Any CPU
		{20FDA6ED-B68E-4610-807B-F358668F181E}.AppStore|ARM.Deploy.0 = Release|Any CPU
		{20FDA6ED-B68E-4610-807B-F358668F181E}.AppStore|iPhone.ActiveCfg = Release|Any CPU
		{20FDA6ED-B68E-4610-807B-F358668F181E}.AppStore|iPhone.Build.0 = Release|Any CPU
		{20FDA6ED-B68E-4610-807B-F358668F181E}.AppStore|iPhone.Deploy.0 = Release|Any CPU
		{20FDA6ED-B68E-4610-807B-F358668F181E}.AppStore|iPhoneSimulator.ActiveCfg = Release|Any CPU
		{20FDA6ED-B68E-4610-807B-F358668F181E}.AppStore|iPhoneSimulator.Build.0 = Release|Any CPU
		{20FDA6ED-B68E-4610-807B-F358668F181E}.AppStore|iPhoneSimulator.Deploy.0 = Release|Any CPU
		{20FDA6ED-B68E-4610-807B-F358668F181E}.AppStore|x64.ActiveCfg = Release|Any CPU
		{20FDA6ED-B68E-4610-807B-F358668F181E}.AppStore|x64.Build.0 = Release|Any CPU
		{20FDA6ED-B68E-4610-807B-F358668F181E}.AppStore|x64.Deploy.0 = Release|Any CPU
		{20FDA6ED-B68E-4610-807B-F358668F181E}.AppStore|x86.ActiveCfg = Release|Any CPU
		{20FDA6ED-B68E-4610-807B-F358668F181E}.AppStore|x86.Build.0 = Release|Any CPU
		{20FDA6ED-B68E-4610-807B-F358668F181E}.AppStore|x86.Deploy.0 = Release|Any CPU
		{20FDA6ED-B68E-4610-807B-F358668F181E}.Debug|Any CPU.ActiveCfg = Debug|Any CPU
		{20FDA6ED-B68E-4610-807B-F358668F181E}.Debug|Any CPU.Build.0 = Debug|Any CPU
		{20FDA6ED-B68E-4610-807B-F358668F181E}.Debug|Any CPU.Deploy.0 = Debug|Any CPU
		{20FDA6ED-B68E-4610-807B-F358668F181E}.Debug|ARM.ActiveCfg = Debug|Any CPU
		{20FDA6ED-B68E-4610-807B-F358668F181E}.Debug|ARM.Build.0 = Debug|Any CPU
		{20FDA6ED-B68E-4610-807B-F358668F181E}.Debug|ARM.Deploy.0 = Debug|Any CPU
		{20FDA6ED-B68E-4610-807B-F358668F181E}.Debug|iPhone.ActiveCfg = Debug|Any CPU
		{20FDA6ED-B68E-4610-807B-F358668F181E}.Debug|iPhone.Build.0 = Debug|Any CPU
		{20FDA6ED-B68E-4610-807B-F358668F181E}.Debug|iPhone.Deploy.0 = Debug|Any CPU
		{20FDA6ED-B68E-4610-807B-F358668F181E}.Debug|iPhoneSimulator.ActiveCfg = Debug|Any CPU
		{20FDA6ED-B68E-4610-807B-F358668F181E}.Debug|iPhoneSimulator.Build.0 = Debug|Any CPU
		{20FDA6ED-B68E-4610-807B-F358668F181E}.Debug|iPhoneSimulator.Deploy.0 = Debug|Any CPU
		{20FDA6ED-B68E-4610-807B-F358668F181E}.Debug|x64.ActiveCfg = Debug|Any CPU
		{20FDA6ED-B68E-4610-807B-F358668F181E}.Debug|x64.Build.0 = Debug|Any CPU
		{20FDA6ED-B68E-4610-807B-F358668F181E}.Debug|x64.Deploy.0 = Debug|Any CPU
		{20FDA6ED-B68E-4610-807B-F358668F181E}.Debug|x86.ActiveCfg = Debug|Any CPU
		{20FDA6ED-B68E-4610-807B-F358668F181E}.Debug|x86.Build.0 = Debug|Any CPU
		{20FDA6ED-B68E-4610-807B-F358668F181E}.Debug|x86.Deploy.0 = Debug|Any CPU
		{20FDA6ED-B68E-4610-807B-F358668F181E}.Release|Any CPU.ActiveCfg = Release|Any CPU
		{20FDA6ED-B68E-4610-807B-F358668F181E}.Release|Any CPU.Build.0 = Release|Any CPU
		{20FDA6ED-B68E-4610-807B-F358668F181E}.Release|Any CPU.Deploy.0 = Release|Any CPU
		{20FDA6ED-B68E-4610-807B-F358668F181E}.Release|ARM.ActiveCfg = Release|Any CPU
		{20FDA6ED-B68E-4610-807B-F358668F181E}.Release|ARM.Build.0 = Release|Any CPU
		{20FDA6ED-B68E-4610-807B-F358668F181E}.Release|ARM.Deploy.0 = Release|Any CPU
		{20FDA6ED-B68E-4610-807B-F358668F181E}.Release|iPhone.ActiveCfg = Release|Any CPU
		{20FDA6ED-B68E-4610-807B-F358668F181E}.Release|iPhone.Build.0 = Release|Any CPU
		{20FDA6ED-B68E-4610-807B-F358668F181E}.Release|iPhone.Deploy.0 = Release|Any CPU
		{20FDA6ED-B68E-4610-807B-F358668F181E}.Release|iPhoneSimulator.ActiveCfg = Release|Any CPU
		{20FDA6ED-B68E-4610-807B-F358668F181E}.Release|iPhoneSimulator.Build.0 = Release|Any CPU
		{20FDA6ED-B68E-4610-807B-F358668F181E}.Release|iPhoneSimulator.Deploy.0 = Release|Any CPU
		{20FDA6ED-B68E-4610-807B-F358668F181E}.Release|x64.ActiveCfg = Release|Any CPU
		{20FDA6ED-B68E-4610-807B-F358668F181E}.Release|x64.Build.0 = Release|Any CPU
		{20FDA6ED-B68E-4610-807B-F358668F181E}.Release|x64.Deploy.0 = Release|Any CPU
		{20FDA6ED-B68E-4610-807B-F358668F181E}.Release|x86.ActiveCfg = Release|Any CPU
		{20FDA6ED-B68E-4610-807B-F358668F181E}.Release|x86.Build.0 = Release|Any CPU
		{20FDA6ED-B68E-4610-807B-F358668F181E}.Release|x86.Deploy.0 = Release|Any CPU
		{B445DF73-AC9E-4276-9FBA-7CB5AD5D2518}.Ad-Hoc|Any CPU.ActiveCfg = Release|Any CPU
		{B445DF73-AC9E-4276-9FBA-7CB5AD5D2518}.Ad-Hoc|Any CPU.Build.0 = Release|Any CPU
		{B445DF73-AC9E-4276-9FBA-7CB5AD5D2518}.Ad-Hoc|ARM.ActiveCfg = Release|Any CPU
		{B445DF73-AC9E-4276-9FBA-7CB5AD5D2518}.Ad-Hoc|ARM.Build.0 = Release|Any CPU
		{B445DF73-AC9E-4276-9FBA-7CB5AD5D2518}.Ad-Hoc|iPhone.ActiveCfg = Release|Any CPU
		{B445DF73-AC9E-4276-9FBA-7CB5AD5D2518}.Ad-Hoc|iPhone.Build.0 = Release|Any CPU
		{B445DF73-AC9E-4276-9FBA-7CB5AD5D2518}.Ad-Hoc|iPhoneSimulator.ActiveCfg = Release|Any CPU
		{B445DF73-AC9E-4276-9FBA-7CB5AD5D2518}.Ad-Hoc|iPhoneSimulator.Build.0 = Release|Any CPU
		{B445DF73-AC9E-4276-9FBA-7CB5AD5D2518}.Ad-Hoc|x64.ActiveCfg = Release|Any CPU
		{B445DF73-AC9E-4276-9FBA-7CB5AD5D2518}.Ad-Hoc|x64.Build.0 = Release|Any CPU
		{B445DF73-AC9E-4276-9FBA-7CB5AD5D2518}.Ad-Hoc|x86.ActiveCfg = Release|Any CPU
		{B445DF73-AC9E-4276-9FBA-7CB5AD5D2518}.Ad-Hoc|x86.Build.0 = Release|Any CPU
		{B445DF73-AC9E-4276-9FBA-7CB5AD5D2518}.AppStore|Any CPU.ActiveCfg = Release|Any CPU
		{B445DF73-AC9E-4276-9FBA-7CB5AD5D2518}.AppStore|Any CPU.Build.0 = Release|Any CPU
		{B445DF73-AC9E-4276-9FBA-7CB5AD5D2518}.AppStore|ARM.ActiveCfg = Release|Any CPU
		{B445DF73-AC9E-4276-9FBA-7CB5AD5D2518}.AppStore|ARM.Build.0 = Release|Any CPU
		{B445DF73-AC9E-4276-9FBA-7CB5AD5D2518}.AppStore|iPhone.ActiveCfg = Release|Any CPU
		{B445DF73-AC9E-4276-9FBA-7CB5AD5D2518}.AppStore|iPhone.Build.0 = Release|Any CPU
		{B445DF73-AC9E-4276-9FBA-7CB5AD5D2518}.AppStore|iPhoneSimulator.ActiveCfg = Release|Any CPU
		{B445DF73-AC9E-4276-9FBA-7CB5AD5D2518}.AppStore|iPhoneSimulator.Build.0 = Release|Any CPU
		{B445DF73-AC9E-4276-9FBA-7CB5AD5D2518}.AppStore|x64.ActiveCfg = Release|Any CPU
		{B445DF73-AC9E-4276-9FBA-7CB5AD5D2518}.AppStore|x64.Build.0 = Release|Any CPU
		{B445DF73-AC9E-4276-9FBA-7CB5AD5D2518}.AppStore|x86.ActiveCfg = Release|Any CPU
		{B445DF73-AC9E-4276-9FBA-7CB5AD5D2518}.AppStore|x86.Build.0 = Release|Any CPU
		{B445DF73-AC9E-4276-9FBA-7CB5AD5D2518}.Debug|Any CPU.ActiveCfg = Debug|Any CPU
		{B445DF73-AC9E-4276-9FBA-7CB5AD5D2518}.Debug|Any CPU.Build.0 = Debug|Any CPU
		{B445DF73-AC9E-4276-9FBA-7CB5AD5D2518}.Debug|ARM.ActiveCfg = Debug|Any CPU
		{B445DF73-AC9E-4276-9FBA-7CB5AD5D2518}.Debug|ARM.Build.0 = Debug|Any CPU
		{B445DF73-AC9E-4276-9FBA-7CB5AD5D2518}.Debug|iPhone.ActiveCfg = Debug|Any CPU
		{B445DF73-AC9E-4276-9FBA-7CB5AD5D2518}.Debug|iPhone.Build.0 = Debug|Any CPU
		{B445DF73-AC9E-4276-9FBA-7CB5AD5D2518}.Debug|iPhoneSimulator.ActiveCfg = Debug|Any CPU
		{B445DF73-AC9E-4276-9FBA-7CB5AD5D2518}.Debug|iPhoneSimulator.Build.0 = Debug|Any CPU
		{B445DF73-AC9E-4276-9FBA-7CB5AD5D2518}.Debug|x64.ActiveCfg = Debug|Any CPU
		{B445DF73-AC9E-4276-9FBA-7CB5AD5D2518}.Debug|x64.Build.0 = Debug|Any CPU
		{B445DF73-AC9E-4276-9FBA-7CB5AD5D2518}.Debug|x86.ActiveCfg = Debug|Any CPU
		{B445DF73-AC9E-4276-9FBA-7CB5AD5D2518}.Debug|x86.Build.0 = Debug|Any CPU
		{B445DF73-AC9E-4276-9FBA-7CB5AD5D2518}.Release|Any CPU.ActiveCfg = Release|Any CPU
		{B445DF73-AC9E-4276-9FBA-7CB5AD5D2518}.Release|Any CPU.Build.0 = Release|Any CPU
		{B445DF73-AC9E-4276-9FBA-7CB5AD5D2518}.Release|ARM.ActiveCfg = Release|Any CPU
		{B445DF73-AC9E-4276-9FBA-7CB5AD5D2518}.Release|ARM.Build.0 = Release|Any CPU
		{B445DF73-AC9E-4276-9FBA-7CB5AD5D2518}.Release|iPhone.ActiveCfg = Release|Any CPU
		{B445DF73-AC9E-4276-9FBA-7CB5AD5D2518}.Release|iPhone.Build.0 = Release|Any CPU
		{B445DF73-AC9E-4276-9FBA-7CB5AD5D2518}.Release|iPhoneSimulator.ActiveCfg = Release|Any CPU
		{B445DF73-AC9E-4276-9FBA-7CB5AD5D2518}.Release|iPhoneSimulator.Build.0 = Release|Any CPU
		{B445DF73-AC9E-4276-9FBA-7CB5AD5D2518}.Release|x64.ActiveCfg = Release|Any CPU
		{B445DF73-AC9E-4276-9FBA-7CB5AD5D2518}.Release|x64.Build.0 = Release|Any CPU
		{B445DF73-AC9E-4276-9FBA-7CB5AD5D2518}.Release|x86.ActiveCfg = Release|Any CPU
		{B445DF73-AC9E-4276-9FBA-7CB5AD5D2518}.Release|x86.Build.0 = Release|Any CPU
	EndGlobalSection
	GlobalSection(SolutionProperties) = preSolution
		HideSolutionNode = FALSE
	EndGlobalSection
	GlobalSection(ExtensibilityGlobals) = postSolution
		SolutionGuid = {F6D05029-56B8-4E45-AF2D-0E76295DDBA2}
	EndGlobalSection
EndGlobal
