
Microsoft Visual Studio Solution File, Format Version 12.00
# Visual Studio 15
VisualStudioVersion = 15.0.27130.2010
MinimumVisualStudioVersion = 10.0.40219.1
Project("{FAE04EC0-301F-11D3-BF4B-00C04F79EFBC}") = "MyPaymentsCrossPlatform.Android", "MyPaymentsCrossPlatform\MyPaymentsCrossPlatform.Android\MyPaymentsCrossPlatform.Android.csproj", "{080D4441-BEDC-467B-A4B9-59657F33AF1D}"
EndProject
Project("{FAE04EC0-301F-11D3-BF4B-00C04F79EFBC}") = "MyPaymentsCrossPlatform.iOS", "MyPaymentsCrossPlatform\MyPaymentsCrossPlatform.iOS\MyPaymentsCrossPlatform.iOS.csproj", "{A0CD8FD4-D333-42F8-8FD9-852E029EE419}"
EndProject
Project("{FAE04EC0-301F-11D3-BF4B-00C04F79EFBC}") = "MyPaymentsCrossPlatform", "MyPaymentsCrossPlatform\MyPaymentsCrossPlatform\MyPaymentsCrossPlatform.csproj", "{DDF4C01F-882D-47F3-8048-FDF65D414300}"
EndProject
Global
	GlobalSection(SolutionConfigurationPlatforms) = preSolution
		Ad-Hoc|Any CPU = Ad-Hoc|Any CPU
		Ad-Hoc|iPhone = Ad-Hoc|iPhone
		Ad-Hoc|iPhoneSimulator = Ad-Hoc|iPhoneSimulator
		AppStore|Any CPU = AppStore|Any CPU
		AppStore|iPhone = AppStore|iPhone
		AppStore|iPhoneSimulator = AppStore|iPhoneSimulator
		Debug|Any CPU = Debug|Any CPU
		Debug|iPhone = Debug|iPhone
		Debug|iPhoneSimulator = Debug|iPhoneSimulator
		Release|Any CPU = Release|Any CPU
		Release|iPhone = Release|iPhone
		Release|iPhoneSimulator = Release|iPhoneSimulator
	EndGlobalSection
	GlobalSection(ProjectConfigurationPlatforms) = postSolution
		{080D4441-BEDC-467B-A4B9-59657F33AF1D}.Ad-Hoc|Any CPU.ActiveCfg = Release|Any CPU
		{080D4441-BEDC-467B-A4B9-59657F33AF1D}.Ad-Hoc|Any CPU.Build.0 = Release|Any CPU
		{080D4441-BEDC-467B-A4B9-59657F33AF1D}.Ad-Hoc|Any CPU.Deploy.0 = Release|Any CPU
		{080D4441-BEDC-467B-A4B9-59657F33AF1D}.Ad-Hoc|iPhone.ActiveCfg = Release|Any CPU
		{080D4441-BEDC-467B-A4B9-59657F33AF1D}.Ad-Hoc|iPhone.Build.0 = Release|Any CPU
		{080D4441-BEDC-467B-A4B9-59657F33AF1D}.Ad-Hoc|iPhone.Deploy.0 = Release|Any CPU
		{080D4441-BEDC-467B-A4B9-59657F33AF1D}.Ad-Hoc|iPhoneSimulator.ActiveCfg = Release|Any CPU
		{080D4441-BEDC-467B-A4B9-59657F33AF1D}.Ad-Hoc|iPhoneSimulator.Build.0 = Release|Any CPU
		{080D4441-BEDC-467B-A4B9-59657F33AF1D}.Ad-Hoc|iPhoneSimulator.Deploy.0 = Release|Any CPU
		{080D4441-BEDC-467B-A4B9-59657F33AF1D}.AppStore|Any CPU.ActiveCfg = Release|Any CPU
		{080D4441-BEDC-467B-A4B9-59657F33AF1D}.AppStore|Any CPU.Build.0 = Release|Any CPU
		{080D4441-BEDC-467B-A4B9-59657F33AF1D}.AppStore|Any CPU.Deploy.0 = Release|Any CPU
		{080D4441-BEDC-467B-A4B9-59657F33AF1D}.AppStore|iPhone.ActiveCfg = Release|Any CPU
		{080D4441-BEDC-467B-A4B9-59657F33AF1D}.AppStore|iPhone.Build.0 = Release|Any CPU
		{080D4441-BEDC-467B-A4B9-59657F33AF1D}.AppStore|iPhone.Deploy.0 = Release|Any CPU
		{080D4441-BEDC-467B-A4B9-59657F33AF1D}.AppStore|iPhoneSimulator.ActiveCfg = Release|Any CPU
		{080D4441-BEDC-467B-A4B9-59657F33AF1D}.AppStore|iPhoneSimulator.Build.0 = Release|Any CPU
		{080D4441-BEDC-467B-A4B9-59657F33AF1D}.AppStore|iPhoneSimulator.Deploy.0 = Release|Any CPU
		{080D4441-BEDC-467B-A4B9-59657F33AF1D}.Debug|Any CPU.ActiveCfg = Debug|Any CPU
		{080D4441-BEDC-467B-A4B9-59657F33AF1D}.Debug|Any CPU.Build.0 = Debug|Any CPU
		{080D4441-BEDC-467B-A4B9-59657F33AF1D}.Debug|Any CPU.Deploy.0 = Debug|Any CPU
		{080D4441-BEDC-467B-A4B9-59657F33AF1D}.Debug|iPhone.ActiveCfg = Debug|Any CPU
		{080D4441-BEDC-467B-A4B9-59657F33AF1D}.Debug|iPhone.Build.0 = Debug|Any CPU
		{080D4441-BEDC-467B-A4B9-59657F33AF1D}.Debug|iPhone.Deploy.0 = Debug|Any CPU
		{080D4441-BEDC-467B-A4B9-59657F33AF1D}.Debug|iPhoneSimulator.ActiveCfg = Debug|Any CPU
		{080D4441-BEDC-467B-A4B9-59657F33AF1D}.Debug|iPhoneSimulator.Build.0 = Debug|Any CPU
		{080D4441-BEDC-467B-A4B9-59657F33AF1D}.Debug|iPhoneSimulator.Deploy.0 = Debug|Any CPU
		{080D4441-BEDC-467B-A4B9-59657F33AF1D}.Release|Any CPU.ActiveCfg = Release|Any CPU
		{080D4441-BEDC-467B-A4B9-59657F33AF1D}.Release|Any CPU.Build.0 = Release|Any CPU
		{080D4441-BEDC-467B-A4B9-59657F33AF1D}.Release|Any CPU.Deploy.0 = Release|Any CPU
		{080D4441-BEDC-467B-A4B9-59657F33AF1D}.Release|iPhone.ActiveCfg = Release|Any CPU
		{080D4441-BEDC-467B-A4B9-59657F33AF1D}.Release|iPhone.Build.0 = Release|Any CPU
		{080D4441-BEDC-467B-A4B9-59657F33AF1D}.Release|iPhone.Deploy.0 = Release|Any CPU
		{080D4441-BEDC-467B-A4B9-59657F33AF1D}.Release|iPhoneSimulator.ActiveCfg = Release|Any CPU
		{080D4441-BEDC-467B-A4B9-59657F33AF1D}.Release|iPhoneSimulator.Build.0 = Release|Any CPU
		{080D4441-BEDC-467B-A4B9-59657F33AF1D}.Release|iPhoneSimulator.Deploy.0 = Release|Any CPU
		{A0CD8FD4-D333-42F8-8FD9-852E029EE419}.Ad-Hoc|Any CPU.ActiveCfg = Ad-Hoc|iPhone
		{A0CD8FD4-D333-42F8-8FD9-852E029EE419}.Ad-Hoc|iPhone.ActiveCfg = Ad-Hoc|iPhone
		{A0CD8FD4-D333-42F8-8FD9-852E029EE419}.Ad-Hoc|iPhone.Build.0 = Ad-Hoc|iPhone
		{A0CD8FD4-D333-42F8-8FD9-852E029EE419}.Ad-Hoc|iPhoneSimulator.ActiveCfg = Ad-Hoc|iPhoneSimulator
		{A0CD8FD4-D333-42F8-8FD9-852E029EE419}.Ad-Hoc|iPhoneSimulator.Build.0 = Ad-Hoc|iPhoneSimulator
		{A0CD8FD4-D333-42F8-8FD9-852E029EE419}.AppStore|Any CPU.ActiveCfg = AppStore|iPhone
		{A0CD8FD4-D333-42F8-8FD9-852E029EE419}.AppStore|iPhone.ActiveCfg = AppStore|iPhone
		{A0CD8FD4-D333-42F8-8FD9-852E029EE419}.AppStore|iPhone.Build.0 = AppStore|iPhone
		{A0CD8FD4-D333-42F8-8FD9-852E029EE419}.AppStore|iPhoneSimulator.ActiveCfg = AppStore|iPhoneSimulator
		{A0CD8FD4-D333-42F8-8FD9-852E029EE419}.AppStore|iPhoneSimulator.Build.0 = AppStore|iPhoneSimulator
		{A0CD8FD4-D333-42F8-8FD9-852E029EE419}.Debug|Any CPU.ActiveCfg = Debug|iPhone
		{A0CD8FD4-D333-42F8-8FD9-852E029EE419}.Debug|iPhone.ActiveCfg = Debug|iPhone
		{A0CD8FD4-D333-42F8-8FD9-852E029EE419}.Debug|iPhone.Build.0 = Debug|iPhone
		{A0CD8FD4-D333-42F8-8FD9-852E029EE419}.Debug|iPhoneSimulator.ActiveCfg = Debug|iPhoneSimulator
		{A0CD8FD4-D333-42F8-8FD9-852E029EE419}.Debug|iPhoneSimulator.Build.0 = Debug|iPhoneSimulator
		{A0CD8FD4-D333-42F8-8FD9-852E029EE419}.Release|Any CPU.ActiveCfg = Release|iPhone
		{A0CD8FD4-D333-42F8-8FD9-852E029EE419}.Release|iPhone.ActiveCfg = Release|iPhone
		{A0CD8FD4-D333-42F8-8FD9-852E029EE419}.Release|iPhone.Build.0 = Release|iPhone
		{A0CD8FD4-D333-42F8-8FD9-852E029EE419}.Release|iPhoneSimulator.ActiveCfg = Release|iPhoneSimulator
		{A0CD8FD4-D333-42F8-8FD9-852E029EE419}.Release|iPhoneSimulator.Build.0 = Release|iPhoneSimulator
		{DDF4C01F-882D-47F3-8048-FDF65D414300}.Ad-Hoc|Any CPU.ActiveCfg = Debug|Any CPU
		{DDF4C01F-882D-47F3-8048-FDF65D414300}.Ad-Hoc|Any CPU.Build.0 = Debug|Any CPU
		{DDF4C01F-882D-47F3-8048-FDF65D414300}.Ad-Hoc|iPhone.ActiveCfg = Debug|Any CPU
		{DDF4C01F-882D-47F3-8048-FDF65D414300}.Ad-Hoc|iPhone.Build.0 = Debug|Any CPU
		{DDF4C01F-882D-47F3-8048-FDF65D414300}.Ad-Hoc|iPhoneSimulator.ActiveCfg = Debug|Any CPU
		{DDF4C01F-882D-47F3-8048-FDF65D414300}.Ad-Hoc|iPhoneSimulator.Build.0 = Debug|Any CPU
		{DDF4C01F-882D-47F3-8048-FDF65D414300}.AppStore|Any CPU.ActiveCfg = Debug|Any CPU
		{DDF4C01F-882D-47F3-8048-FDF65D414300}.AppStore|Any CPU.Build.0 = Debug|Any CPU
		{DDF4C01F-882D-47F3-8048-FDF65D414300}.AppStore|iPhone.ActiveCfg = Debug|Any CPU
		{DDF4C01F-882D-47F3-8048-FDF65D414300}.AppStore|iPhone.Build.0 = Debug|Any CPU
		{DDF4C01F-882D-47F3-8048-FDF65D414300}.AppStore|iPhoneSimulator.ActiveCfg = Debug|Any CPU
		{DDF4C01F-882D-47F3-8048-FDF65D414300}.AppStore|iPhoneSimulator.Build.0 = Debug|Any CPU
		{DDF4C01F-882D-47F3-8048-FDF65D414300}.Debug|Any CPU.ActiveCfg = Debug|Any CPU
		{DDF4C01F-882D-47F3-8048-FDF65D414300}.Debug|Any CPU.Build.0 = Debug|Any CPU
		{DDF4C01F-882D-47F3-8048-FDF65D414300}.Debug|iPhone.ActiveCfg = Debug|Any CPU
		{DDF4C01F-882D-47F3-8048-FDF65D414300}.Debug|iPhone.Build.0 = Debug|Any CPU
		{DDF4C01F-882D-47F3-8048-FDF65D414300}.Debug|iPhoneSimulator.ActiveCfg = Debug|Any CPU
		{DDF4C01F-882D-47F3-8048-FDF65D414300}.Debug|iPhoneSimulator.Build.0 = Debug|Any CPU
		{DDF4C01F-882D-47F3-8048-FDF65D414300}.Release|Any CPU.ActiveCfg = Release|Any CPU
		{DDF4C01F-882D-47F3-8048-FDF65D414300}.Release|Any CPU.Build.0 = Release|Any CPU
		{DDF4C01F-882D-47F3-8048-FDF65D414300}.Release|iPhone.ActiveCfg = Release|Any CPU
		{DDF4C01F-882D-47F3-8048-FDF65D414300}.Release|iPhone.Build.0 = Release|Any CPU
		{DDF4C01F-882D-47F3-8048-FDF65D414300}.Release|iPhoneSimulator.ActiveCfg = Release|Any CPU
		{DDF4C01F-882D-47F3-8048-FDF65D414300}.Release|iPhoneSimulator.Build.0 = Release|Any CPU
	EndGlobalSection
	GlobalSection(SolutionProperties) = preSolution
		HideSolutionNode = FALSE
	EndGlobalSection
	GlobalSection(ExtensibilityGlobals) = postSolution
		SolutionGuid = {5160BE1E-34EC-4DBA-A89E-24F08E0867BB}
	EndGlobalSection
EndGlobal
